
Microsoft Visual Studio Solution File, Format Version 12.00
# Visual Studio Version 17
VisualStudioVersion = 17.10.35004.147
MinimumVisualStudioVersion = 10.0.40219.1
Project("{FAE04EC0-301F-11D3-BF4B-00C04F79EFBC}") = "BowlingWithArrays", "BowlingWithArrays\BowlingWithArrays.csproj", "{312DB50D-C293-418C-969D-B6B47E765829}"
EndProject
Global
	GlobalSection(SolutionConfigurationPlatforms) = preSolution
		Debug|Any CPU = Debug|Any CPU
		Release|Any CPU = Release|Any CPU
	EndGlobalSection
	GlobalSection(ProjectConfigurationPlatforms) = postSolution
		{312DB50D-C293-418C-969D-B6B47E765829}.Debug|Any CPU.ActiveCfg = Debug|Any CPU
		{312DB50D-C293-418C-969D-B6B47E765829}.Debug|Any CPU.Build.0 = Debug|Any CPU
		{312DB50D-C293-418C-969D-B6B47E765829}.Release|Any CPU.ActiveCfg = Release|Any CPU
		{312DB50D-C293-418C-969D-B6B47E765829}.Release|Any CPU.Build.0 = Release|Any CPU
	EndGlobalSection
	GlobalSection(SolutionProperties) = preSolution
		HideSolutionNode = FALSE
	EndGlobalSection
	GlobalSection(ExtensibilityGlobals) = postSolution
		SolutionGuid = {BC934DD5-B3FF-424B-AB67-A47545443632}
	EndGlobalSection
EndGlobal
